Microsoft Visual Studio Solution File, Format Version 12.00
# Visual Studio Version 17
VisualStudioVersion = 17.5.2.0
MinimumVisualStudioVersion = 10.0.40219.1
Project("{FAE04EC0-301F-11D3-BF4B-00C04F79EFBC}") = "JetLag", "JetLag.csproj", "{726D9A37-EDBC-8405-AD0D-43E28F6D606B}"
EndProject
Global
	GlobalSection(SolutionConfigurationPlatforms) = preSolution
		Debug|Any CPU = Debug|Any CPU
		Release|Any CPU = Release|Any CPU
	EndGlobalSection
	GlobalSection(ProjectConfigurationPlatforms) = postSolution
		{726D9A37-EDBC-8405-AD0D-43E28F6D606B}.Debug|Any CPU.ActiveCfg = Debug|Any CPU
		{726D9A37-EDBC-8405-AD0D-43E28F6D606B}.Debug|Any CPU.Build.0 = Debug|Any CPU
		{726D9A37-EDBC-8405-AD0D-43E28F6D606B}.Release|Any CPU.ActiveCfg = Release|Any CPU
		{726D9A37-EDBC-8405-AD0D-43E28F6D606B}.Release|Any CPU.Build.0 = Release|Any CPU
	EndGlobalSection
	GlobalSection(SolutionProperties) = preSolution
		HideSolutionNode = FALSE
	EndGlobalSection
	GlobalSection(ExtensibilityGlobals) = postSolution
		SolutionGuid = {33425EDB-9933-4FF4-A205-32D33332BF8E}
	EndGlobalSection
EndGlobal
